
Microsoft Visual Studio Solution File, Format Version 12.00
# Visual Studio Version 16
VisualStudioVersion = 16.0.28922.388
MinimumVisualStudioVersion = 10.0.40219.1
Project("{FAE04EC0-301F-11D3-BF4B-00C04F79EFBC}") = "ImageViewer", "ImageViewer\ImageViewer.csproj", "{CB373990-9A4C-43BA-9766-A83ED8C12456}"
EndProject
Global
	GlobalSection(SolutionConfigurationPlatforms) = preSolution
		Debug|Any CPU = Debug|Any CPU
		Release|Any CPU = Release|Any CPU
	EndGlobalSection
	GlobalSection(ProjectConfigurationPlatforms) = postSolution
		{CB373990-9A4C-43BA-9766-A83ED8C12456}.Debug|Any CPU.ActiveCfg = Debug|Any CPU
		{CB373990-9A4C-43BA-9766-A83ED8C12456}.Debug|Any CPU.Build.0 = Debug|Any CPU
		{CB373990-9A4C-43BA-9766-A83ED8C12456}.Release|Any CPU.ActiveCfg = Release|Any CPU
		{CB373990-9A4C-43BA-9766-A83ED8C12456}.Release|Any CPU.Build.0 = Release|Any CPU
	EndGlobalSection
	GlobalSection(SolutionProperties) = preSolution
		HideSolutionNode = FALSE
	EndGlobalSection
	GlobalSection(ExtensibilityGlobals) = postSolution
		SolutionGuid = {81A744C0-5652-4F76-A5B5-AFAA08491258}
	EndGlobalSection
EndGlobal
